// !$*UTF8*$!
{
	archiveVersion = 1;
	classes = {
	};
	objectVersion = 46;
	objects = {

/* Begin PBXBuildFile section */
		0B71FD701F4F0993000CA357 /* AppDelegate.swift in Sources */ = {isa = PBXBuildFile; fileRef = 0B71FD6F1F4F0993000CA357 /* AppDelegate.swift */; };
		0B71FD721F4F0993000CA357 /* ViewController.swift in Sources */ = {isa = PBXBuildFile; fileRef = 0B71FD711F4F0993000CA357 /* ViewController.swift */; };
		0B71FD751F4F0993000CA357 /* Main.storyboard in Resources */ = {isa = PBXBuildFile; fileRef = 0B71FD731F4F0993000CA357 /* Main.storyboard */; };
		0B71FD771F4F0993000CA357 /* Assets.xcassets in Resources */ = {isa = PBXBuildFile; fileRef = 0B71FD761F4F0993000CA357 /* Assets.xcassets */; };
		0B71FD7A1F4F0993000CA357 /* LaunchScreen.storyboard in Resources */ = {isa = PBXBuildFile; fileRef = 0B71FD781F4F0993000CA357 /* LaunchScreen.storyboard */; };
		0B71FD821F4F0B2E000CA357 /* MenuViewController.swift in Sources */ = {isa = PBXBuildFile; fileRef = 0B71FD811F4F0B2E000CA357 /* MenuViewController.swift */; };
		0B71FD841F4F0C59000CA357 /* MenuSlideInAnimator.swift in Sources */ = {isa = PBXBuildFile; fileRef = 0B71FD831F4F0C59000CA357 /* MenuSlideInAnimator.swift */; };
		0B71FD861F4F1F2B000CA357 /* MenuSlideInPresenter.swift in Sources */ = {isa = PBXBuildFile; fileRef = 0B71FD851F4F1F2B000CA357 /* MenuSlideInPresenter.swift */; };
		0B71FD881F4F5053000CA357 /* MenuWithBackgroundAnimator.swift in Sources */ = {isa = PBXBuildFile; fileRef = 0B71FD871F4F5053000CA357 /* MenuWithBackgroundAnimator.swift */; };
		0B71FD8A1F4F5068000CA357 /* MenuWithBackgroundPresenter.swift in Sources */ = {isa = PBXBuildFile; fileRef = 0B71FD891F4F5068000CA357 /* MenuWithBackgroundPresenter.swift */; };
		0B71FD8E1F507A05000CA357 /* UIView+Custom.swift in Sources */ = {isa = PBXBuildFile; fileRef = 0B71FD8D1F507A05000CA357 /* UIView+Custom.swift */; };
		0B71FD911F507A1E000CA357 /* UIGestureRecognizer+Custom.swift in Sources */ = {isa = PBXBuildFile; fileRef = 0B71FD901F507A1E000CA357 /* UIGestureRecognizer+Custom.swift */; };
/* End PBXBuildFile section */

/* Begin PBXFileReference section */
		0B71FD6C1F4F0993000CA357 /* MenuTransition.app */ = {isa = PBXFileReference; explicitFileType = wrapper.application; includeInIndex = 0; path = MenuTransition.app; sourceTree = BUILT_PRODUCTS_DIR; };
		0B71FD6F1F4F0993000CA357 /* AppDelegate.swift */ = {isa = PBXFileReference; lastKnownFileType = sourcecode.swift; path = AppDelegate.swift; sourceTree = "<group>"; };
		0B71FD711F4F0993000CA357 /* ViewController.swift */ = {isa = PBXFileReference; lastKnownFileType = sourcecode.swift; path = ViewController.swift; sourceTree = "<group>"; };
		0B71FD741F4F0993000CA357 /* Base */ = {isa = PBXFileReference; lastKnownFileType = file.storyboard; name = Base; path = Base.lproj/Main.storyboard; sourceTree = "<group>"; };
		0B71FD761F4F0993000CA357 /* Assets.xcassets */ = {isa = PBXFileReference; lastKnownFileType = folder.assetcatalog; path = Assets.xcassets; sourceTree = "<group>"; };
		0B71FD791F4F0993000CA357 /* Base */ = {isa = PBXFileReference; lastKnownFileType = file.storyboard; name = Base; path = Base.lproj/LaunchScreen.storyboard; sourceTree = "<group>"; };
		0B71FD7B1F4F0993000CA357 /* Info.plist */ = {isa = PBXFileReference; lastKnownFileType = text.plist.xml; path = Info.plist; sourceTree = "<group>"; };
		0B71FD811F4F0B2E000CA357 /* MenuViewController.swift */ = {isa = PBXFileReference; fileEncoding = 4; lastKnownFileType = sourcecode.swift; path = MenuViewController.swift; sourceTree = "<group>"; };
		0B71FD831F4F0C59000CA357 /* MenuSlideInAnimator.swift */ = {isa = PBXFileReference; fileEncoding = 4; lastKnownFileType = sourcecode.swift; path = MenuSlideInAnimator.swift; sourceTree = "<group>"; };
		0B71FD851F4F1F2B000CA357 /* MenuSlideInPresenter.swift */ = {isa = PBXFileReference; fileEncoding = 4; lastKnownFileType = sourcecode.swift; path = MenuSlideInPresenter.swift; sourceTree = "<group>"; };
		0B71FD871F4F5053000CA357 /* MenuWithBackgroundAnimator.swift */ = {isa = PBXFileReference; fileEncoding = 4; lastKnownFileType = sourcecode.swift; path = MenuWithBackgroundAnimator.swift; sourceTree = "<group>"; };
		0B71FD891F4F5068000CA357 /* MenuWithBackgroundPresenter.swift */ = {isa = PBXFileReference; fileEncoding = 4; lastKnownFileType = sourcecode.swift; path = MenuWithBackgroundPresenter.swift; sourceTree = "<group>"; };
		0B71FD8D1F507A05000CA357 /* UIView+Custom.swift */ = {isa = PBXFileReference; fileEncoding = 4; lastKnownFileType = sourcecode.swift; path = "UIView+Custom.swift"; sourceTree = "<group>"; };
		0B71FD901F507A1E000CA357 /* UIGestureRecognizer+Custom.swift */ = {isa = PBXFileReference; fileEncoding = 4; lastKnownFileType = sourcecode.swift; path = "UIGestureRecognizer+Custom.swift"; sourceTree = "<group>"; };
/* End PBXFileReference section */

/* Begin PBXFrameworksBuildPhase section */
		0B71FD691F4F0993000CA357 /* Frameworks */ = {
			isa = PBXFrameworksBuildPhase;
			buildActionMask = 2147483647;
			files = (
			);
			runOnlyForDeploymentPostprocessing = 0;
		};
/* End PBXFrameworksBuildPhase section */

/* Begin PBXGroup section */
		0B71FD631F4F0993000CA357 = {
			isa = PBXGroup;
			children = (
				0B71FD6E1F4F0993000CA357 /* MenuTransition */,
				0B71FD6D1F4F0993000CA357 /* Products */,
			);
			sourceTree = "<group>";
		};
		0B71FD6D1F4F0993000CA357 /* Products */ = {
			isa = PBXGroup;
			children = (
				0B71FD6C1F4F0993000CA357 /* MenuTransition.app */,
			);
			name = Products;
			sourceTree = "<group>";
		};
		0B71FD6E1F4F0993000CA357 /* MenuTransition */ = {
			isa = PBXGroup;
			children = (
				0B71FD8C1F5079F1000CA357 /* Utilities */,
				0B71FD6F1F4F0993000CA357 /* AppDelegate.swift */,
				0B71FD711F4F0993000CA357 /* ViewController.swift */,
				0B71FD811F4F0B2E000CA357 /* MenuViewController.swift */,
				0B71FD731F4F0993000CA357 /* Main.storyboard */,
				0B71FD761F4F0993000CA357 /* Assets.xcassets */,
				0B71FD781F4F0993000CA357 /* LaunchScreen.storyboard */,
				0B71FD7B1F4F0993000CA357 /* Info.plist */,
				0B71FD831F4F0C59000CA357 /* MenuSlideInAnimator.swift */,
				0B71FD851F4F1F2B000CA357 /* MenuSlideInPresenter.swift */,
				0B71FD871F4F5053000CA357 /* MenuWithBackgroundAnimator.swift */,
				0B71FD891F4F5068000CA357 /* MenuWithBackgroundPresenter.swift */,
			);
			path = MenuTransition;
			sourceTree = "<group>";
		};
		0B71FD8C1F5079F1000CA357 /* Utilities */ = {
			isa = PBXGroup;
			children = (
				0B71FD8D1F507A05000CA357 /* UIView+Custom.swift */,
				0B71FD901F507A1E000CA357 /* UIGestureRecognizer+Custom.swift */,
			);
			name = Utilities;
			sourceTree = "<group>";
		};
/* End PBXGroup section */

/* Begin PBXNativeTarget section */
		0B71FD6B1F4F0993000CA357 /* MenuTransition */ = {
			isa = PBXNativeTarget;
			buildConfigurationList = 0B71FD7E1F4F0993000CA357 /* Build configuration list for PBXNativeTarget "MenuTransition" */;
			buildPhases = (
				0B71FD681F4F0993000CA357 /* Sources */,
				0B71FD691F4F0993000CA357 /* Frameworks */,
				0B71FD6A1F4F0993000CA357 /* Resources */,
			);
			buildRules = (
			);
			dependencies = (
			);
			name = MenuTransition;
			productName = MenuTransition;
			productReference = 0B71FD6C1F4F0993000CA357 /* MenuTransition.app */;
			productType = "com.apple.product-type.application";
		};
/* End PBXNativeTarget section */

/* Begin PBXProject section */
		0B71FD641F4F0993000CA357 /* Project object */ = {
			isa = PBXProject;
			attributes = {
				LastSwiftUpdateCheck = 0820;
				LastUpgradeCheck = 0820;
				ORGANIZATIONNAME = SouthernImportSpecialist;
				TargetAttributes = {
					0B71FD6B1F4F0993000CA357 = {
						CreatedOnToolsVersion = 8.2.1;
						DevelopmentTeam = L3WLY38EDC;
						ProvisioningStyle = Automatic;
					};
				};
			};
			buildConfigurationList = 0B71FD671F4F0993000CA357 /* Build configuration list for PBXProject "MenuTransition" */;
			compatibilityVersion = "Xcode 3.2";
			developmentRegion = English;
			hasScannedForEncodings = 0;
			knownRegions = (
				en,
				Base,
			);
			mainGroup = 0B71FD631F4F0993000CA357;
			productRefGroup = 0B71FD6D1F4F0993000CA357 /* Products */;
			projectDirPath = "";
			projectRoot = "";
			targets = (
				0B71FD6B1F4F0993000CA357 /* MenuTransition */,
			);
		};
/* End PBXProject section */

/* Begin PBXResourcesBuildPhase section */
		0B71FD6A1F4F0993000CA357 /* Resources */ = {
			isa = PBXResourcesBuildPhase;
			buildActionMask = 2147483647;
			files = (
				0B71FD7A1F4F0993000CA357 /* LaunchScreen.storyboard in Resources */,
				0B71FD771F4F0993000CA357 /* Assets.xcassets in Resources */,
				0B71FD751F4F0993000CA357 /* Main.storyboard in Resources */,
			);
			runOnlyForDeploymentPostprocessing = 0;
		};
/* End PBXResourcesBuildPhase section */

/* Begin PBXSourcesBuildPhase section */
		0B71FD681F4F0993000CA357 /* Sources */ = {
			isa = PBXSourcesBuildPhase;
			buildActionMask = 2147483647;
			files = (
				0B71FD821F4F0B2E000CA357 /* MenuViewController.swift in Sources */,
				0B71FD8A1F4F5068000CA357 /* MenuWithBackgroundPresenter.swift in Sources */,
				0B71FD721F4F0993000CA357 /* ViewController.swift in Sources */,
				0B71FD841F4F0C59000CA357 /* MenuSlideInAnimator.swift in Sources */,
				0B71FD861F4F1F2B000CA357 /* MenuSlideInPresenter.swift in Sources */,
				0B71FD8E1F507A05000CA357 /* UIView+Custom.swift in Sources */,
				0B71FD881F4F5053000CA357 /* MenuWithBackgroundAnimator.swift in Sources */,
				0B71FD701F4F0993000CA357 /* AppDelegate.swift in Sources */,
				0B71FD911F507A1E000CA357 /* UIGestureRecognizer+Custom.swift in Sources */,
			);
			runOnlyForDeploymentPostprocessing = 0;
		};
/* End PBXSourcesBuildPhase section */

/* Begin PBXVariantGroup section */
		0B71FD731F4F0993000CA357 /* Main.storyboard */ = {
			isa = PBXVariantGroup;
			children = (
				0B71FD741F4F0993000CA357 /* Base */,
			);
			name = Main.storyboard;
			sourceTree = "<group>";
		};
		0B71FD781F4F0993000CA357 /* LaunchScreen.storyboard */ = {
			isa = PBXVariantGroup;
			children = (
				0B71FD791F4F0993000CA357 /* Base */,
			);
			name = LaunchScreen.storyboard;
			sourceTree = "<group>";
		};
/* End PBXVariantGroup section */

/* Begin XCBuildConfiguration section */
		0B71FD7C1F4F0993000CA357 /* Debug */ = {
			isa = XCBuildConfiguration;
			buildSettings = {
				ALWAYS_SEARCH_USER_PATHS = NO;
				CLANG_ANALYZER_NONNULL = YES;
				CLANG_CXX_LANGUAGE_STANDARD = "gnu++0x";
				CLANG_CXX_LIBRARY = "libc++";
				CLANG_ENABLE_MODULES = YES;
				CLANG_ENABLE_OBJC_ARC = YES;
				CLANG_WARN_BOOL_CONVERSION = YES;
				CLANG_WARN_CONSTANT_CONVERSION = YES;
				CLANG_WARN_DIRECT_OBJC_ISA_USAGE = YES_ERROR;
				CLANG_WARN_DOCUMENTATION_COMMENTS = YES;
				CLANG_WARN_EMPTY_BODY = YES;
				CLANG_WARN_ENUM_CONVERSION = YES;
				CLANG_WARN_INFINITE_RECURSION = YES;
				CLANG_WARN_INT_CONVERSION = YES;
				CLANG_WARN_OBJC_ROOT_CLASS = YES_ERROR;
				CLANG_WARN_SUSPICIOUS_MOVE = YES;
				CLANG_WARN_UNREACHABLE_CODE = YES;
				CLANG_WARN__DUPLICATE_METHOD_MATCH = YES;
				"CODE_SIGN_IDENTITY[sdk=iphoneos*]" = "iPhone Developer";
				COPY_PHASE_STRIP = NO;
				DEBUG_INFORMATION_FORMAT = dwarf;
				ENABLE_STRICT_OBJC_MSGSEND = YES;
				ENABLE_TESTABILITY = YES;
				GCC_C_LANGUAGE_STANDARD = gnu99;
				GCC_DYNAMIC_NO_PIC = NO;
				GCC_NO_COMMON_BLOCKS = YES;
				GCC_OPTIMIZATION_LEVEL = 0;
				GCC_PREPROCESSOR_DEFINITIONS = (
					"DEBUG=1",
					"$(inherited)",
				);
				GCC_WARN_64_TO_32_BIT_CONVERSION = YES;
				GCC_WARN_ABOUT_RETURN_TYPE = YES_ERROR;
				GCC_WARN_UNDECLARED_SELECTOR = YES;
				GCC_WARN_UNINITIALIZED_AUTOS = YES_AGGRESSIVE;
				GCC_WARN_UNUSED_FUNCTION = YES;
				GCC_WARN_UNUSED_VARIABLE = YES;
				IPHONEOS_DEPLOYMENT_TARGET = 10.2;
				MTL_ENABLE_DEBUG_INFO = YES;
				ONLY_ACTIVE_ARCH = YES;
				SDKROOT = iphoneos;
				SWIFT_ACTIVE_COMPILATION_CONDITIONS = DEBUG;
				SWIFT_OPTIMIZATION_LEVEL = "-Onone";
			};
			name = Debug;
		};
		0B71FD7D1F4F0993000CA357 /* Release */ = {
			isa = XCBuildConfiguration;
			buildSettings = {
				ALWAYS_SEARCH_USER_PATHS = NO;
				CLANG_ANALYZER_NONNULL = YES;
				CLANG_CXX_LANGUAGE_STANDARD = "gnu++0x";
				CLANG_CXX_LIBRARY = "libc++";
				CLANG_ENABLE_MODULES = YES;
				CLANG_ENABLE_OBJC_ARC = YES;
				CLANG_WARN_BOOL_CONVERSION = YES;
				CLANG_WARN_CONSTANT_CONVERSION = YES;
				CLANG_WARN_DIRECT_OBJC_ISA_USAGE = YES_ERROR;
				CLANG_WARN_DOCUMENTATION_COMMENTS = YES;
				CLANG_WARN_EMPTY_BODY = YES;
				CLANG_WARN_ENUM_CONVERSION = YES;
				CLANG_WARN_INFINITE_RECURSION = YES;
				CLANG_WARN_INT_CONVERSION = YES;
				CLANG_WARN_OBJC_ROOT_CLASS = YES_ERROR;
				CLANG_WARN_SUSPICIOUS_MOVE = YES;
				CLANG_WARN_UNREACHABLE_CODE = YES;
				CLANG_WARN__DUPLICATE_METHOD_MATCH = YES;
				"CODE_SIGN_IDENTITY[sdk=iphoneos*]" = "iPhone Developer";
				COPY_PHASE_STRIP = NO;
				DEBUG_INFORMATION_FORMAT = "dwarf-with-dsym";
				ENABLE_NS_ASSERTIONS = NO;
				ENABLE_STRICT_OBJC_MSGSEND = YES;
				GCC_C_LANGUAGE_STANDARD = gnu99;
				GCC_NO_COMMON_BLOCKS = YES;
				GCC_WARN_64_TO_32_BIT_CONVERSION = YES;
				GCC_WARN_ABOUT_RETURN_TYPE = YES_ERROR;
				GCC_WARN_UNDECLARED_SELECTOR = YES;
				GCC_WARN_UNINITIALIZED_AUTOS = YES_AGGRESSIVE;
				GCC_WARN_UNUSED_FUNCTION = YES;
				GCC_WARN_UNUSED_VARIABLE = YES;
				IPHONEOS_DEPLOYMENT_TARGET = 10.2;
				MTL_ENABLE_DEBUG_INFO = NO;
				SDKROOT = iphoneos;
				SWIFT_OPTIMIZATION_LEVEL = "-Owholemodule";
				VALIDATE_PRODUCT = YES;
			};
			name = Release;
		};
		0B71FD7F1F4F0993000CA357 /* Debug */ = {
			isa = XCBuildConfiguration;
			buildSettings = {
				ASSETCATALOG_COMPILER_APPICON_NAME = AppIcon;
				DEVELOPMENT_TEAM = L3WLY38EDC;
				INFOPLIST_FILE = MenuTransition/Info.plist;
				LD_RUNPATH_SEARCH_PATHS = "$(inherited) @executable_path/Frameworks";
				PRODUCT_BUNDLE_IDENTIFIER = com.SouthernImportSpecialist.MenuTransition;
				PRODUCT_NAME = "$(TARGET_NAME)";
				SWIFT_VERSION = 3.0;
			};
			name = Debug;
		};
		0B71FD801F4F0993000CA357 /* Release */ = {
			isa = XCBuildConfiguration;
			buildSettings = {
				ASSETCATALOG_COMPILER_APPICON_NAME = AppIcon;
				DEVELOPMENT_TEAM = L3WLY38EDC;
				INFOPLIST_FILE = MenuTransition/Info.plist;
				LD_RUNPATH_SEARCH_PATHS = "$(inherited) @executable_path/Frameworks";
				PRODUCT_BUNDLE_IDENTIFIER = com.SouthernImportSpecialist.MenuTransition;
				PRODUCT_NAME = "$(TARGET_NAME)";
				SWIFT_VERSION = 3.0;
			};
			name = Release;
		};
/* End XCBuildConfiguration section */

/* Begin XCConfigurationList section */
		0B71FD671F4F0993000CA357 /* Build configuration list for PBXProject "MenuTransition" */ = {
			isa = XCConfigurationList;
			buildConfigurations = (
				0B71FD7C1F4F0993000CA357 /* Debug */,
				0B71FD7D1F4F0993000CA357 /* Release */,
			);
			defaultConfigurationIsVisible = 0;
			defaultConfigurationName = Release;
		};
		0B71FD7E1F4F0993000CA357 /* Build configuration list for PBXNativeTarget "MenuTransition" */ = {
			isa = XCConfigurationList;
			buildConfigurations = (
				0B71FD7F1F4F0993000CA357 /* Debug */,
				0B71FD801F4F0993000CA357 /* Release */,
			);
			defaultConfigurationIsVisible = 0;
			defaultConfigurationName = Release;
		};
/* End XCConfigurationList section */
	};
	rootObject = 0B71FD641F4F0993000CA357 /* Project object */;
}
